# This file is autogenerated, do not edit; changes may be undone by the next 'dep ensure'.


[[projects]]
  branch = "master"
  name = "github.com/inconshreveable/mousetrap"
  packages = ["."]
  revision = "76626ae9c91c4f2a10f34cad8ce83ea42c93bb75"

[[projects]]
  branch = "master"
  name = "github.com/mattn/go-zglob"
  packages = [".","fastwalk"]
  revision = "95345c4e1c0ebc9d16a3284177f09360f4d20fab"

[[projects]]
  branch = "master"
  name = "github.com/spf13/cobra"
  packages = ["."]
  revision = "99ff9334bda26384b5ef4a4aaa4d444d29bdde73"

[[projects]]
  branch = "master"
  name = "github.com/spf13/pflag"
  packages = ["."]
  revision = "e57e3eeb33f795204c1ca35f56c44f83227c6e66"

[solve-meta]
  analyzer-name = "dep"
  analyzer-version = 1
  inputs-digest = "f44e61c6ec0b6ad512522ad073af9409d9d3bbd9b6de54b93eb34c6779feaf77"
  solver-name = "gps-cdcl"
  solver-version = 1
